// !$*UTF8*$!
{
	archiveVersion = 1;
	classes = {
	};
	objectVersion = 50;
	objects = {

/* Begin PBXBuildFile section */
		6312C02925E52CAA00F136CA /* OptionalImage.swift in Sources */ = {isa = PBXBuildFile; fileRef = 6312C02825E52CAA00F136CA /* OptionalImage.swift */; };
		6312C02C25E542C000F136CA /* AnimatableSystemFontModifier.swift in Sources */ = {isa = PBXBuildFile; fileRef = 6312C02B25E542C000F136CA /* AnimatableSystemFontModifier.swift */; };
		6312C03025E6509200F136CA /* Spinning.swift in Sources */ = {isa = PBXBuildFile; fileRef = 6312C02F25E6509200F136CA /* Spinning.swift */; };
		6312C03325E65CD400F136CA /* PaletterChooser.swift in Sources */ = {isa = PBXBuildFile; fileRef = 6312C03225E65CD400F136CA /* PaletterChooser.swift */; };
		6312C03725E6615C00F136CA /* EmojiArtDocumentPalette.swift in Sources */ = {isa = PBXBuildFile; fileRef = 6312C03625E6615C00F136CA /* EmojiArtDocumentPalette.swift */; };
		6312C03B25E674C900F136CA /* GridLayout.swift in Sources */ = {isa = PBXBuildFile; fileRef = 6312C03925E674C900F136CA /* GridLayout.swift */; };
		6312C03C25E674C900F136CA /* Grid.swift in Sources */ = {isa = PBXBuildFile; fileRef = 6312C03A25E674C900F136CA /* Grid.swift */; };
		6312C03F25E67B1A00F136CA /* EmojiArtDocumentStore.swift in Sources */ = {isa = PBXBuildFile; fileRef = 6312C03E25E67B1A00F136CA /* EmojiArtDocumentStore.swift */; };
		6312C04325E67EAC00F136CA /* EmojiArtDocumentChooser.swift in Sources */ = {isa = PBXBuildFile; fileRef = 6312C04225E67EAB00F136CA /* EmojiArtDocumentChooser.swift */; };
		6312C04725E68DDD00F136CA /* EditableText.swift in Sources */ = {isa = PBXBuildFile; fileRef = 6312C04625E68DDD00F136CA /* EditableText.swift */; };
		6312C06F25E8265200F136CA /* ImagePicker.swift in Sources */ = {isa = PBXBuildFile; fileRef = 6312C06E25E8265200F136CA /* ImagePicker.swift */; };
		6388DA6025DFE54C00D03D30 /* EmojiArtApp.swift in Sources */ = {isa = PBXBuildFile; fileRef = 6388DA5F25DFE54C00D03D30 /* EmojiArtApp.swift */; };
		6388DA6225DFE54C00D03D30 /* EmojiArtDocumentView.swift in Sources */ = {isa = PBXBuildFile; fileRef = 6388DA6125DFE54C00D03D30 /* EmojiArtDocumentView.swift */; };
		6388DA6425DFE54F00D03D30 /* Assets.xcassets in Resources */ = {isa = PBXBuildFile; fileRef = 6388DA6325DFE54F00D03D30 /* Assets.xcassets */; };
		6388DA6725DFE54F00D03D30 /* Preview Assets.xcassets in Resources */ = {isa = PBXBuildFile; fileRef = 6388DA6625DFE54F00D03D30 /* Preview Assets.xcassets */; };
		6388DA7025DFE55F00D03D30 /* EmojiArtDocument.swift in Sources */ = {isa = PBXBuildFile; fileRef = 6388DA6F25DFE55F00D03D30 /* EmojiArtDocument.swift */; };
		6388DA7425DFEDE100D03D30 /* EmojiArt.swift in Sources */ = {isa = PBXBuildFile; fileRef = 6388DA7325DFEDE100D03D30 /* EmojiArt.swift */; };
		6388DA7725DFF49900D03D30 /* EmojiArtExtensions.swift in Sources */ = {isa = PBXBuildFile; fileRef = 6388DA7625DFF49900D03D30 /* EmojiArtExtensions.swift */; };
/* End PBXBuildFile section */

/* Begin PBXFileReference section */
		6312C02825E52CAA00F136CA /* OptionalImage.swift */ = {isa = PBXFileReference; lastKnownFileType = sourcecode.swift; path = OptionalImage.swift; sourceTree = "<group>"; };
		6312C02B25E542C000F136CA /* AnimatableSystemFontModifier.swift */ = {isa = PBXFileReference; fileEncoding = 4; lastKnownFileType = sourcecode.swift; path = AnimatableSystemFontModifier.swift; sourceTree = "<group>"; };
		6312C02F25E6509200F136CA /* Spinning.swift */ = {isa = PBXFileReference; lastKnownFileType = sourcecode.swift; path = Spinning.swift; sourceTree = "<group>"; };
		6312C03225E65CD400F136CA /* PaletterChooser.swift */ = {isa = PBXFileReference; lastKnownFileType = sourcecode.swift; path = PaletterChooser.swift; sourceTree = "<group>"; };
		6312C03625E6615C00F136CA /* EmojiArtDocumentPalette.swift */ = {isa = PBXFileReference; fileEncoding = 4; lastKnownFileType = sourcecode.swift; path = EmojiArtDocumentPalette.swift; sourceTree = "<group>"; };
		6312C03925E674C900F136CA /* GridLayout.swift */ = {isa = PBXFileReference; fileEncoding = 4; lastKnownFileType = sourcecode.swift; path = GridLayout.swift; sourceTree = "<group>"; };
		6312C03A25E674C900F136CA /* Grid.swift */ = {isa = PBXFileReference; fileEncoding = 4; lastKnownFileType = sourcecode.swift; path = Grid.swift; sourceTree = "<group>"; };
		6312C03E25E67B1A00F136CA /* EmojiArtDocumentStore.swift */ = {isa = PBXFileReference; fileEncoding = 4; lastKnownFileType = sourcecode.swift; path = EmojiArtDocumentStore.swift; sourceTree = "<group>"; };
		6312C04225E67EAB00F136CA /* EmojiArtDocumentChooser.swift */ = {isa = PBXFileReference; lastKnownFileType = sourcecode.swift; path = EmojiArtDocumentChooser.swift; sourceTree = "<group>"; };
		6312C04625E68DDD00F136CA /* EditableText.swift */ = {isa = PBXFileReference; fileEncoding = 4; lastKnownFileType = sourcecode.swift; path = EditableText.swift; sourceTree = "<group>"; };
		6312C06E25E8265200F136CA /* ImagePicker.swift */ = {isa = PBXFileReference; lastKnownFileType = sourcecode.swift; path = ImagePicker.swift; sourceTree = "<group>"; };
		6388DA5C25DFE54C00D03D30 /* EmojiArt.app */ = {isa = PBXFileReference; explicitFileType = wrapper.application; includeInIndex = 0; path = EmojiArt.app; sourceTree = BUILT_PRODUCTS_DIR; };
		6388DA5F25DFE54C00D03D30 /* EmojiArtApp.swift */ = {isa = PBXFileReference; lastKnownFileType = sourcecode.swift; path = EmojiArtApp.swift; sourceTree = "<group>"; };
		6388DA6125DFE54C00D03D30 /* EmojiArtDocumentView.swift */ = {isa = PBXFileReference; lastKnownFileType = sourcecode.swift; path = EmojiArtDocumentView.swift; sourceTree = "<group>"; };
		6388DA6325DFE54F00D03D30 /* Assets.xcassets */ = {isa = PBXFileReference; lastKnownFileType = folder.assetcatalog; path = Assets.xcassets; sourceTree = "<group>"; };
		6388DA6625DFE54F00D03D30 /* Preview Assets.xcassets */ = {isa = PBXFileReference; lastKnownFileType = folder.assetcatalog; path = "Preview Assets.xcassets"; sourceTree = "<group>"; };
		6388DA6825DFE54F00D03D30 /* Info.plist */ = {isa = PBXFileReference; lastKnownFileType = text.plist.xml; path = Info.plist; sourceTree = "<group>"; };
		6388DA6F25DFE55F00D03D30 /* EmojiArtDocument.swift */ = {isa = PBXFileReference; lastKnownFileType = sourcecode.swift; path = EmojiArtDocument.swift; sourceTree = "<group>"; };
		6388DA7325DFEDE100D03D30 /* EmojiArt.swift */ = {isa = PBXFileReference; lastKnownFileType = sourcecode.swift; path = EmojiArt.swift; sourceTree = "<group>"; };
		6388DA7625DFF49900D03D30 /* EmojiArtExtensions.swift */ = {isa = PBXFileReference; lastKnownFileType = sourcecode.swift; path = EmojiArtExtensions.swift; sourceTree = "<group>"; };
/* End PBXFileReference section */

/* Begin PBXFrameworksBuildPhase section */
		6388DA5925DFE54C00D03D30 /* Frameworks */ = {
			isa = PBXFrameworksBuildPhase;
			buildActionMask = 2147483647;
			files = (
			);
			runOnlyForDeploymentPostprocessing = 0;
		};
/* End PBXFrameworksBuildPhase section */

/* Begin PBXGroup section */
		6388DA5325DFE54C00D03D30 = {
			isa = PBXGroup;
			children = (
				6388DA5E25DFE54C00D03D30 /* EmojiArt */,
				6388DA5D25DFE54C00D03D30 /* Products */,
			);
			sourceTree = "<group>";
		};
		6388DA5D25DFE54C00D03D30 /* Products */ = {
			isa = PBXGroup;
			children = (
				6388DA5C25DFE54C00D03D30 /* EmojiArt.app */,
			);
			name = Products;
			sourceTree = "<group>";
		};
		6388DA5E25DFE54C00D03D30 /* EmojiArt */ = {
			isa = PBXGroup;
			children = (
				6388DA6125DFE54C00D03D30 /* EmojiArtDocumentView.swift */,
				6312C06E25E8265200F136CA /* ImagePicker.swift */,
				6312C03E25E67B1A00F136CA /* EmojiArtDocumentStore.swift */,
				6388DA6F25DFE55F00D03D30 /* EmojiArtDocument.swift */,
				6388DA5F25DFE54C00D03D30 /* EmojiArtApp.swift */,
				6312C04225E67EAB00F136CA /* EmojiArtDocumentChooser.swift */,
				6312C02F25E6509200F136CA /* Spinning.swift */,
				6312C04625E68DDD00F136CA /* EditableText.swift */,
				6312C03225E65CD400F136CA /* PaletterChooser.swift */,
				6312C02825E52CAA00F136CA /* OptionalImage.swift */,
				6312C02B25E542C000F136CA /* AnimatableSystemFontModifier.swift */,
				6312C03625E6615C00F136CA /* EmojiArtDocumentPalette.swift */,
				6388DA7325DFEDE100D03D30 /* EmojiArt.swift */,
				6388DA7625DFF49900D03D30 /* EmojiArtExtensions.swift */,
				6312C03A25E674C900F136CA /* Grid.swift */,
				6312C03925E674C900F136CA /* GridLayout.swift */,
				6388DA6325DFE54F00D03D30 /* Assets.xcassets */,
				6388DA6825DFE54F00D03D30 /* Info.plist */,
				6388DA6525DFE54F00D03D30 /* Preview Content */,
			);
			path = EmojiArt;
			sourceTree = "<group>";
		};
		6388DA6525DFE54F00D03D30 /* Preview Content */ = {
			isa = PBXGroup;
			children = (
				6388DA6625DFE54F00D03D30 /* Preview Assets.xcassets */,
			);
			path = "Preview Content";
			sourceTree = "<group>";
		};
/* End PBXGroup section */

/* Begin PBXNativeTarget section */
		6388DA5B25DFE54C00D03D30 /* EmojiArt */ = {
			isa = PBXNativeTarget;
			buildConfigurationList = 6388DA6B25DFE54F00D03D30 /* Build configuration list for PBXNativeTarget "EmojiArt" */;
			buildPhases = (
				6388DA5825DFE54C00D03D30 /* Sources */,
				6388DA5925DFE54C00D03D30 /* Frameworks */,
				6388DA5A25DFE54C00D03D30 /* Resources */,
			);
			buildRules = (
			);
			dependencies = (
			);
			name = EmojiArt;
			productName = EmojiArt;
			productReference = 6388DA5C25DFE54C00D03D30 /* EmojiArt.app */;
			productType = "com.apple.product-type.application";
		};
/* End PBXNativeTarget section */

/* Begin PBXProject section */
		6388DA5425DFE54C00D03D30 /* Project object */ = {
			isa = PBXProject;
			attributes = {
				LastSwiftUpdateCheck = 1240;
				LastUpgradeCheck = 1240;
				TargetAttributes = {
					6388DA5B25DFE54C00D03D30 = {
						CreatedOnToolsVersion = 12.4;
					};
				};
			};
			buildConfigurationList = 6388DA5725DFE54C00D03D30 /* Build configuration list for PBXProject "EmojiArt" */;
			compatibilityVersion = "Xcode 9.3";
			developmentRegion = en;
			hasScannedForEncodings = 0;
			knownRegions = (
				en,
				Base,
			);
			mainGroup = 6388DA5325DFE54C00D03D30;
			productRefGroup = 6388DA5D25DFE54C00D03D30 /* Products */;
			projectDirPath = "";
			projectRoot = "";
			targets = (
				6388DA5B25DFE54C00D03D30 /* EmojiArt */,
			);
		};
/* End PBXProject section */

/* Begin PBXResourcesBuildPhase section */
		6388DA5A25DFE54C00D03D30 /* Resources */ = {
			isa = PBXResourcesBuildPhase;
			buildActionMask = 2147483647;
			files = (
				6388DA6725DFE54F00D03D30 /* Preview Assets.xcassets in Resources */,
				6388DA6425DFE54F00D03D30 /* Assets.xcassets in Resources */,
			);
			runOnlyForDeploymentPostprocessing = 0;
		};
/* End PBXResourcesBuildPhase section */

/* Begin PBXSourcesBuildPhase section */
		6388DA5825DFE54C00D03D30 /* Sources */ = {
			isa = PBXSourcesBuildPhase;
			buildActionMask = 2147483647;
			files = (
				6312C02C25E542C000F136CA /* AnimatableSystemFontModifier.swift in Sources */,
				6388DA7425DFEDE100D03D30 /* EmojiArt.swift in Sources */,
				6388DA7725DFF49900D03D30 /* EmojiArtExtensions.swift in Sources */,
				6388DA6225DFE54C00D03D30 /* EmojiArtDocumentView.swift in Sources */,
				6312C02925E52CAA00F136CA /* OptionalImage.swift in Sources */,
				6312C03725E6615C00F136CA /* EmojiArtDocumentPalette.swift in Sources */,
				6388DA7025DFE55F00D03D30 /* EmojiArtDocument.swift in Sources */,
				6388DA6025DFE54C00D03D30 /* EmojiArtApp.swift in Sources */,
				6312C03025E6509200F136CA /* Spinning.swift in Sources */,
				6312C04325E67EAC00F136CA /* EmojiArtDocumentChooser.swift in Sources */,
				6312C04725E68DDD00F136CA /* EditableText.swift in Sources */,
				6312C03F25E67B1A00F136CA /* EmojiArtDocumentStore.swift in Sources */,
				6312C03325E65CD400F136CA /* PaletterChooser.swift in Sources */,
				6312C06F25E8265200F136CA /* ImagePicker.swift in Sources */,
				6312C03B25E674C900F136CA /* GridLayout.swift in Sources */,
				6312C03C25E674C900F136CA /* Grid.swift in Sources */,
			);
			runOnlyForDeploymentPostprocessing = 0;
		};
/* End PBXSourcesBuildPhase section */

/* Begin XCBuildConfiguration section */
		6388DA6925DFE54F00D03D30 /* Debug */ = {
			isa = XCBuildConfiguration;
			buildSettings = {
				ALWAYS_SEARCH_USER_PATHS = NO;
				CLANG_ANALYZER_NONNULL = YES;
				CLANG_ANALYZER_NUMBER_OBJECT_CONVERSION = YES_AGGRESSIVE;
				CLANG_CXX_LANGUAGE_STANDARD = "gnu++14";
				CLANG_CXX_LIBRARY = "libc++";
				CLANG_ENABLE_MODULES = YES;
				CLANG_ENABLE_OBJC_ARC = YES;
				CLANG_ENABLE_OBJC_WEAK = YES;
				CLANG_WARN_BLOCK_CAPTURE_AUTORELEASING = YES;
				CLANG_WARN_BOOL_CONVERSION = YES;
				CLANG_WARN_COMMA = YES;
				CLANG_WARN_CONSTANT_CONVERSION = YES;
				CLANG_WARN_DEPRECATED_OBJC_IMPLEMENTATIONS = YES;
				CLANG_WARN_DIRECT_OBJC_ISA_USAGE = YES_ERROR;
				CLANG_WARN_DOCUMENTATION_COMMENTS = YES;
				CLANG_WARN_EMPTY_BODY = YES;
				CLANG_WARN_ENUM_CONVERSION = YES;
				CLANG_WARN_INFINITE_RECURSION = YES;
				CLANG_WARN_INT_CONVERSION = YES;
				CLANG_WARN_NON_LITERAL_NULL_CONVERSION = YES;
				CLANG_WARN_OBJC_IMPLICIT_RETAIN_SELF = YES;
				CLANG_WARN_OBJC_LITERAL_CONVERSION = YES;
				CLANG_WARN_OBJC_ROOT_CLASS = YES_ERROR;
				CLANG_WARN_QUOTED_INCLUDE_IN_FRAMEWORK_HEADER = YES;
				CLANG_WARN_RANGE_LOOP_ANALYSIS = YES;
				CLANG_WARN_STRICT_PROTOTYPES = YES;
				CLANG_WARN_SUSPICIOUS_MOVE = YES;
				CLANG_WARN_UNGUARDED_AVAILABILITY = YES_AGGRESSIVE;
				CLANG_WARN_UNREACHABLE_CODE = YES;
				CLANG_WARN__DUPLICATE_METHOD_MATCH = YES;
				COPY_PHASE_STRIP = NO;
				DEBUG_INFORMATION_FORMAT = dwarf;
				ENABLE_STRICT_OBJC_MSGSEND = YES;
				ENABLE_TESTABILITY = YES;
				GCC_C_LANGUAGE_STANDARD = gnu11;
				GCC_DYNAMIC_NO_PIC = NO;
				GCC_NO_COMMON_BLOCKS = YES;
				GCC_OPTIMIZATION_LEVEL = 0;
				GCC_PREPROCESSOR_DEFINITIONS = (
					"DEBUG=1",
					"$(inherited)",
				);
				GCC_WARN_64_TO_32_BIT_CONVERSION = YES;
				GCC_WARN_ABOUT_RETURN_TYPE = YES_ERROR;
				GCC_WARN_UNDECLARED_SELECTOR = YES;
				GCC_WARN_UNINITIALIZED_AUTOS = YES_AGGRESSIVE;
				GCC_WARN_UNUSED_FUNCTION = YES;
				GCC_WARN_UNUSED_VARIABLE = YES;
				IPHONEOS_DEPLOYMENT_TARGET = 14.4;
				MTL_ENABLE_DEBUG_INFO = INCLUDE_SOURCE;
				MTL_FAST_MATH = YES;
				ONLY_ACTIVE_ARCH = YES;
				SDKROOT = iphoneos;
				SWIFT_ACTIVE_COMPILATION_CONDITIONS = DEBUG;
				SWIFT_OPTIMIZATION_LEVEL = "-Onone";
			};
			name = Debug;
		};
		6388DA6A25DFE54F00D03D30 /* Release */ = {
			isa = XCBuildConfiguration;
			buildSettings = {
				ALWAYS_SEARCH_USER_PATHS = NO;
				CLANG_ANALYZER_NONNULL = YES;
				CLANG_ANALYZER_NUMBER_OBJECT_CONVERSION = YES_AGGRESSIVE;
				CLANG_CXX_LANGUAGE_STANDARD = "gnu++14";
				CLANG_CXX_LIBRARY = "libc++";
				CLANG_ENABLE_MODULES = YES;
				CLANG_ENABLE_OBJC_ARC = YES;
				CLANG_ENABLE_OBJC_WEAK = YES;
				CLANG_WARN_BLOCK_CAPTURE_AUTORELEASING = YES;
				CLANG_WARN_BOOL_CONVERSION = YES;
				CLANG_WARN_COMMA = YES;
				CLANG_WARN_CONSTANT_CONVERSION = YES;
				CLANG_WARN_DEPRECATED_OBJC_IMPLEMENTATIONS = YES;
				CLANG_WARN_DIRECT_OBJC_ISA_USAGE = YES_ERROR;
				CLANG_WARN_DOCUMENTATION_COMMENTS = YES;
				CLANG_WARN_EMPTY_BODY = YES;
				CLANG_WARN_ENUM_CONVERSION = YES;
				CLANG_WARN_INFINITE_RECURSION = YES;
				CLANG_WARN_INT_CONVERSION = YES;
				CLANG_WARN_NON_LITERAL_NULL_CONVERSION = YES;
				CLANG_WARN_OBJC_IMPLICIT_RETAIN_SELF = YES;
				CLANG_WARN_OBJC_LITERAL_CONVERSION = YES;
				CLANG_WARN_OBJC_ROOT_CLASS = YES_ERROR;
				CLANG_WARN_QUOTED_INCLUDE_IN_FRAMEWORK_HEADER = YES;
				CLANG_WARN_RANGE_LOOP_ANALYSIS = YES;
				CLANG_WARN_STRICT_PROTOTYPES = YES;
				CLANG_WARN_SUSPICIOUS_MOVE = YES;
				CLANG_WARN_UNGUARDED_AVAILABILITY = YES_AGGRESSIVE;
				CLANG_WARN_UNREACHABLE_CODE = YES;
				CLANG_WARN__DUPLICATE_METHOD_MATCH = YES;
				COPY_PHASE_STRIP = NO;
				DEBUG_INFORMATION_FORMAT = "dwarf-with-dsym";
				ENABLE_NS_ASSERTIONS = NO;
				ENABLE_STRICT_OBJC_MSGSEND = YES;
				GCC_C_LANGUAGE_STANDARD = gnu11;
				GCC_NO_COMMON_BLOCKS = YES;
				GCC_WARN_64_TO_32_BIT_CONVERSION = YES;
				GCC_WARN_ABOUT_RETURN_TYPE = YES_ERROR;
				GCC_WARN_UNDECLARED_SELECTOR = YES;
				GCC_WARN_UNINITIALIZED_AUTOS = YES_AGGRESSIVE;
				GCC_WARN_UNUSED_FUNCTION = YES;
				GCC_WARN_UNUSED_VARIABLE = YES;
				IPHONEOS_DEPLOYMENT_TARGET = 14.4;
				MTL_ENABLE_DEBUG_INFO = NO;
				MTL_FAST_MATH = YES;
				SDKROOT = iphoneos;
				SWIFT_COMPILATION_MODE = wholemodule;
				SWIFT_OPTIMIZATION_LEVEL = "-O";
				VALIDATE_PRODUCT = YES;
			};
			name = Release;
		};
		6388DA6C25DFE54F00D03D30 /* Debug */ = {
			isa = XCBuildConfiguration;
			buildSettings = {
				ASSETCATALOG_COMPILER_APPICON_NAME = AppIcon;
				ASSETCATALOG_COMPILER_GLOBAL_ACCENT_COLOR_NAME = AccentColor;
				CODE_SIGN_STYLE = Automatic;
				DEVELOPMENT_ASSET_PATHS = "\"EmojiArt/Preview Content\"";
				DEVELOPMENT_TEAM = 99FBQG9WNS;
				ENABLE_PREVIEWS = YES;
				INFOPLIST_FILE = EmojiArt/Info.plist;
				IPHONEOS_DEPLOYMENT_TARGET = 14.0;
				LD_RUNPATH_SEARCH_PATHS = (
					"$(inherited)",
					"@executable_path/Frameworks",
				);
				PRODUCT_BUNDLE_IDENTIFIER = com.guillemsolecubilo.EmojiArtasdfasdf;
				PRODUCT_NAME = "$(TARGET_NAME)";
				SWIFT_VERSION = 5.0;
				TARGETED_DEVICE_FAMILY = "1,2";
			};
			name = Debug;
		};
		6388DA6D25DFE54F00D03D30 /* Release */ = {
			isa = XCBuildConfiguration;
			buildSettings = {
				ASSETCATALOG_COMPILER_APPICON_NAME = AppIcon;
				ASSETCATALOG_COMPILER_GLOBAL_ACCENT_COLOR_NAME = AccentColor;
				CODE_SIGN_STYLE = Automatic;
				DEVELOPMENT_ASSET_PATHS = "\"EmojiArt/Preview Content\"";
				DEVELOPMENT_TEAM = 99FBQG9WNS;
				ENABLE_PREVIEWS = YES;
				INFOPLIST_FILE = EmojiArt/Info.plist;
				IPHONEOS_DEPLOYMENT_TARGET = 14.0;
				LD_RUNPATH_SEARCH_PATHS = (
					"$(inherited)",
					"@executable_path/Frameworks",
				);
				PRODUCT_BUNDLE_IDENTIFIER = com.guillemsolecubilo.EmojiArtasdfasdf;
				PRODUCT_NAME = "$(TARGET_NAME)";
				SWIFT_VERSION = 5.0;
				TARGETED_DEVICE_FAMILY = "1,2";
			};
			name = Release;
		};
/* End XCBuildConfiguration section */

/* Begin XCConfigurationList section */
		6388DA5725DFE54C00D03D30 /* Build configuration list for PBXProject "EmojiArt" */ = {
			isa = XCConfigurationList;
			buildConfigurations = (
				6388DA6925DFE54F00D03D30 /* Debug */,
				6388DA6A25DFE54F00D03D30 /* Release */,
			);
			defaultConfigurationIsVisible = 0;
			defaultConfigurationName = Release;
		};
		6388DA6B25DFE54F00D03D30 /* Build configuration list for PBXNativeTarget "EmojiArt" */ = {
			isa = XCConfigurationList;
			buildConfigurations = (
				6388DA6C25DFE54F00D03D30 /* Debug */,
				6388DA6D25DFE54F00D03D30 /* Release */,
			);
			defaultConfigurationIsVisible = 0;
			defaultConfigurationName = Release;
		};
/* End XCConfigurationList section */
	};
	rootObject = 6388DA5425DFE54C00D03D30 /* Project object */;
}
